
Microsoft Visual Studio Solution File, Format Version 12.00
Project("{2150E333-8FDC-42A3-9474-1A3956D46DE8}") = "src", "src", "{3167CB7E-6412-49DB-BB42-E91E07B51C5E}"
	ProjectSection(SolutionItems) = preProject
		README.md = README.md
	EndProjectSection
EndProject
Project("{2150E333-8FDC-42A3-9474-1A3956D46DE8}") = "Services", "Services", "{2775FBD9-7954-4A8B-8831-31C7670209A3}"
EndProject
Project("{FAE04EC0-301F-11D3-BF4B-00C04F79EFBC}") = "Linkding.Client", "src\Services\Linkding.Client\Linkding.Client.csproj", "{1880BB32-4013-45F5-9DB4-6864F9836525}"
EndProject
Project("{FAE04EC0-301F-11D3-BF4B-00C04F79EFBC}") = "Wallabag.Client", "src\Services\Wallabag.Client\Wallabag.Client.csproj", "{2776E05F-F35A-4421-A792-0F9B0CC48475}"
EndProject
Project("{2150E333-8FDC-42A3-9474-1A3956D46DE8}") = "Domain", "Domain", "{586A8F51-1A5D-42B9-8A37-8B2010905EB1}"
EndProject
Project("{FAE04EC0-301F-11D3-BF4B-00C04F79EFBC}") = "Core", "src\Domain\Core\Core.csproj", "{0EA1E116-6560-4C1D-8EC8-6ACE3F5E1C25}"
EndProject
Project("{2150E333-8FDC-42A3-9474-1A3956D46DE8}") = "Infrastructure", "Infrastructure", "{953FCC4E-C759-47DD-B20A-78FBA2E34F35}"
EndProject
Project("{FAE04EC0-301F-11D3-BF4B-00C04F79EFBC}") = "Wallabag", "src\Wallabag\Wallabag.csproj", "{5EFB26BC-CD34-4DE6-B0E3-9F1E387D4177}"
EndProject
Project("{FAE04EC0-301F-11D3-BF4B-00C04F79EFBC}") = "Linkding", "src\Linkding\Linkding.csproj", "{3E78F171-D237-46DF-8A27-DAADE7CA1940}"
EndProject
Global
	GlobalSection(SolutionConfigurationPlatforms) = preSolution
		Debug|Any CPU = Debug|Any CPU
		Release|Any CPU = Release|Any CPU
	EndGlobalSection
	GlobalSection(ProjectConfigurationPlatforms) = postSolution
		{1880BB32-4013-45F5-9DB4-6864F9836525}.Debug|Any CPU.ActiveCfg = Debug|Any CPU
		{1880BB32-4013-45F5-9DB4-6864F9836525}.Debug|Any CPU.Build.0 = Debug|Any CPU
		{1880BB32-4013-45F5-9DB4-6864F9836525}.Release|Any CPU.ActiveCfg = Release|Any CPU
		{1880BB32-4013-45F5-9DB4-6864F9836525}.Release|Any CPU.Build.0 = Release|Any CPU
		{2776E05F-F35A-4421-A792-0F9B0CC48475}.Debug|Any CPU.ActiveCfg = Debug|Any CPU
		{2776E05F-F35A-4421-A792-0F9B0CC48475}.Debug|Any CPU.Build.0 = Debug|Any CPU
		{2776E05F-F35A-4421-A792-0F9B0CC48475}.Release|Any CPU.ActiveCfg = Release|Any CPU
		{2776E05F-F35A-4421-A792-0F9B0CC48475}.Release|Any CPU.Build.0 = Release|Any CPU
		{0EA1E116-6560-4C1D-8EC8-6ACE3F5E1C25}.Debug|Any CPU.ActiveCfg = Debug|Any CPU
		{0EA1E116-6560-4C1D-8EC8-6ACE3F5E1C25}.Debug|Any CPU.Build.0 = Debug|Any CPU
		{0EA1E116-6560-4C1D-8EC8-6ACE3F5E1C25}.Release|Any CPU.ActiveCfg = Release|Any CPU
		{0EA1E116-6560-4C1D-8EC8-6ACE3F5E1C25}.Release|Any CPU.Build.0 = Release|Any CPU
		{5EFB26BC-CD34-4DE6-B0E3-9F1E387D4177}.Debug|Any CPU.ActiveCfg = Debug|Any CPU
		{5EFB26BC-CD34-4DE6-B0E3-9F1E387D4177}.Debug|Any CPU.Build.0 = Debug|Any CPU
		{5EFB26BC-CD34-4DE6-B0E3-9F1E387D4177}.Release|Any CPU.ActiveCfg = Release|Any CPU
		{5EFB26BC-CD34-4DE6-B0E3-9F1E387D4177}.Release|Any CPU.Build.0 = Release|Any CPU
		{3E78F171-D237-46DF-8A27-DAADE7CA1940}.Debug|Any CPU.ActiveCfg = Debug|Any CPU
		{3E78F171-D237-46DF-8A27-DAADE7CA1940}.Debug|Any CPU.Build.0 = Debug|Any CPU
		{3E78F171-D237-46DF-8A27-DAADE7CA1940}.Release|Any CPU.ActiveCfg = Release|Any CPU
		{3E78F171-D237-46DF-8A27-DAADE7CA1940}.Release|Any CPU.Build.0 = Release|Any CPU
	EndGlobalSection
	GlobalSection(NestedProjects) = preSolution
		{2775FBD9-7954-4A8B-8831-31C7670209A3} = {3167CB7E-6412-49DB-BB42-E91E07B51C5E}
		{1880BB32-4013-45F5-9DB4-6864F9836525} = {2775FBD9-7954-4A8B-8831-31C7670209A3}
		{2776E05F-F35A-4421-A792-0F9B0CC48475} = {2775FBD9-7954-4A8B-8831-31C7670209A3}
		{586A8F51-1A5D-42B9-8A37-8B2010905EB1} = {3167CB7E-6412-49DB-BB42-E91E07B51C5E}
		{0EA1E116-6560-4C1D-8EC8-6ACE3F5E1C25} = {586A8F51-1A5D-42B9-8A37-8B2010905EB1}
		{953FCC4E-C759-47DD-B20A-78FBA2E34F35} = {3167CB7E-6412-49DB-BB42-E91E07B51C5E}
		{5EFB26BC-CD34-4DE6-B0E3-9F1E387D4177} = {3167CB7E-6412-49DB-BB42-E91E07B51C5E}
		{3E78F171-D237-46DF-8A27-DAADE7CA1940} = {3167CB7E-6412-49DB-BB42-E91E07B51C5E}
	EndGlobalSection
EndGlobal
